
Microsoft Visual Studio Solution File, Format Version 12.00
# Visual Studio Version 16
VisualStudioVersion = 16.0.29509.3
MinimumVisualStudioVersion = 10.0.40219.1
Project("{9A19103F-16F7-4668-BE54-9A1E7A4F7556}") = "Core.Repository", "Core.Repository.csproj", "{58ACC564-487C-4F18-92F9-304DEB87EC6B}"
EndProject
Global
	GlobalSection(SolutionConfigurationPlatforms) = preSolution
		Debug|Any CPU = Debug|Any CPU
		Release|Any CPU = Release|Any CPU
	EndGlobalSection
	GlobalSection(ProjectConfigurationPlatforms) = postSolution
		{58ACC564-487C-4F18-92F9-304DEB87EC6B}.Debug|Any CPU.ActiveCfg = Debug|Any CPU
		{58ACC564-487C-4F18-92F9-304DEB87EC6B}.Debug|Any CPU.Build.0 = Debug|Any CPU
		{58ACC564-487C-4F18-92F9-304DEB87EC6B}.Release|Any CPU.ActiveCfg = Release|Any CPU
		{58ACC564-487C-4F18-92F9-304DEB87EC6B}.Release|Any CPU.Build.0 = Release|Any CPU
	EndGlobalSection
	GlobalSection(SolutionProperties) = preSolution
		HideSolutionNode = FALSE
	EndGlobalSection
	GlobalSection(ExtensibilityGlobals) = postSolution
		SolutionGuid = {4E2CCD5A-00A7-40E0-8939-DB22613B90E7}
	EndGlobalSection
EndGlobal
